
Microsoft Visual Studio Solution File, Format Version 12.00
# Visual Studio Version 16
VisualStudioVersion = 16.0.29613.14
MinimumVisualStudioVersion = 10.0.40219.1
Project("{FAE04EC0-301F-11D3-BF4B-00C04F79EFBC}") = "Mod09_4", "Mod09_4\Mod09_4.csproj", "{19BD2D6A-3492-4A16-9B65-71B578943CDF}"
EndProject
Global
	GlobalSection(SolutionConfigurationPlatforms) = preSolution
		Debug|Any CPU = Debug|Any CPU
		Release|Any CPU = Release|Any CPU
	EndGlobalSection
	GlobalSection(ProjectConfigurationPlatforms) = postSolution
		{19BD2D6A-3492-4A16-9B65-71B578943CDF}.Debug|Any CPU.ActiveCfg = Debug|Any CPU
		{19BD2D6A-3492-4A16-9B65-71B578943CDF}.Debug|Any CPU.Build.0 = Debug|Any CPU
		{19BD2D6A-3492-4A16-9B65-71B578943CDF}.Release|Any CPU.ActiveCfg = Release|Any CPU
		{19BD2D6A-3492-4A16-9B65-71B578943CDF}.Release|Any CPU.Build.0 = Release|Any CPU
	EndGlobalSection
	GlobalSection(SolutionProperties) = preSolution
		HideSolutionNode = FALSE
	EndGlobalSection
	GlobalSection(ExtensibilityGlobals) = postSolution
		SolutionGuid = {B1023029-C129-4730-9BCB-20C7A5E7C6A5}
	EndGlobalSection
EndGlobal
