
Microsoft Visual Studio Solution File, Format Version 12.00
# Visual Studio Version 16
VisualStudioVersion = 16.0.29613.14
MinimumVisualStudioVersion = 10.0.40219.1
Project("{FAE04EC0-301F-11D3-BF4B-00C04F79EFBC}") = "Mod02_1", "Mod02_1\Mod02_1.csproj", "{FDC43D63-ABAA-4C13-B99D-8C16E865CAA9}"
EndProject
Global
	GlobalSection(SolutionConfigurationPlatforms) = preSolution
		Debug|Any CPU = Debug|Any CPU
		Release|Any CPU = Release|Any CPU
	EndGlobalSection
	GlobalSection(ProjectConfigurationPlatforms) = postSolution
		{FDC43D63-ABAA-4C13-B99D-8C16E865CAA9}.Debug|Any CPU.ActiveCfg = Debug|Any CPU
		{FDC43D63-ABAA-4C13-B99D-8C16E865CAA9}.Debug|Any CPU.Build.0 = Debug|Any CPU
		{FDC43D63-ABAA-4C13-B99D-8C16E865CAA9}.Release|Any CPU.ActiveCfg = Release|Any CPU
		{FDC43D63-ABAA-4C13-B99D-8C16E865CAA9}.Release|Any CPU.Build.0 = Release|Any CPU
	EndGlobalSection
	GlobalSection(SolutionProperties) = preSolution
		HideSolutionNode = FALSE
	EndGlobalSection
	GlobalSection(ExtensibilityGlobals) = postSolution
		SolutionGuid = {C581303A-4F52-4BA2-B0F2-8C250D55096E}
	EndGlobalSection
EndGlobal
