
Microsoft Visual Studio Solution File, Format Version 12.00
# Visual Studio Version 16
VisualStudioVersion = 16.0.31205.134
MinimumVisualStudioVersion = 10.0.40219.1
Project("{FAE04EC0-301F-11D3-BF4B-00C04F79EFBC}") = "Mod06_3-1", "Mod06_3-1.csproj", "{253D585E-896D-4DEF-AADF-30BA126AA212}"
EndProject
Global
	GlobalSection(SolutionConfigurationPlatforms) = preSolution
		Debug|Any CPU = Debug|Any CPU
		Release|Any CPU = Release|Any CPU
	EndGlobalSection
	GlobalSection(ProjectConfigurationPlatforms) = postSolution
		{253D585E-896D-4DEF-AADF-30BA126AA212}.Debug|Any CPU.ActiveCfg = Debug|Any CPU
		{253D585E-896D-4DEF-AADF-30BA126AA212}.Debug|Any CPU.Build.0 = Debug|Any CPU
		{253D585E-896D-4DEF-AADF-30BA126AA212}.Release|Any CPU.ActiveCfg = Release|Any CPU
		{253D585E-896D-4DEF-AADF-30BA126AA212}.Release|Any CPU.Build.0 = Release|Any CPU
	EndGlobalSection
	GlobalSection(SolutionProperties) = preSolution
		HideSolutionNode = FALSE
	EndGlobalSection
	GlobalSection(ExtensibilityGlobals) = postSolution
		SolutionGuid = {A47B78AE-CBD8-4B55-BE3D-300ED5384ACD}
	EndGlobalSection
EndGlobal
