
Microsoft Visual Studio Solution File, Format Version 12.00
# Visual Studio Version 16
VisualStudioVersion = 16.0.31005.135
MinimumVisualStudioVersion = 10.0.40219.1
Project("{FAE04EC0-301F-11D3-BF4B-00C04F79EFBC}") = "Mod01_Directory", "Mod01_Directory\Mod01_Directory.csproj", "{78B683D5-0C8C-4789-A90A-0F952D4DE123}"
EndProject
Global
	GlobalSection(SolutionConfigurationPlatforms) = preSolution
		Debug|Any CPU = Debug|Any CPU
		Release|Any CPU = Release|Any CPU
	EndGlobalSection
	GlobalSection(ProjectConfigurationPlatforms) = postSolution
		{78B683D5-0C8C-4789-A90A-0F952D4DE123}.Debug|Any CPU.ActiveCfg = Debug|Any CPU
		{78B683D5-0C8C-4789-A90A-0F952D4DE123}.Debug|Any CPU.Build.0 = Debug|Any CPU
		{78B683D5-0C8C-4789-A90A-0F952D4DE123}.Release|Any CPU.ActiveCfg = Release|Any CPU
		{78B683D5-0C8C-4789-A90A-0F952D4DE123}.Release|Any CPU.Build.0 = Release|Any CPU
	EndGlobalSection
	GlobalSection(SolutionProperties) = preSolution
		HideSolutionNode = FALSE
	EndGlobalSection
	GlobalSection(ExtensibilityGlobals) = postSolution
		SolutionGuid = {97C109A8-765E-49D9-80ED-AD640937EA98}
	EndGlobalSection
EndGlobal
